PODS:
  - SimpleExif (0.0.1)

DEPENDENCIES:
  - SimpleExif (from `https://github.com/Nikita2k/SimpleExif.git`)

EXTERNAL SOURCES:
  SimpleExif:
    :git: https://github.com/Nikita2k/SimpleExif.git

CHECKOUT OPTIONS:
  SimpleExif:
    :commit: 9a65d939c531e3f8d683c658f2e878ce2b83c869
    :git: https://github.com/Nikita2k/SimpleExif.git

SPEC CHECKSUMS:
  SimpleExif: 51d132f76cf84c1db11e375e5afe74d364507cd3

COCOAPODS: 0.35.0
